
Microsoft Visual Studio Solution File, Format Version 12.00
# Visual Studio Version 16
VisualStudioVersion = 16.0.31702.278
MinimumVisualStudioVersion = 10.0.40219.1
Project("{FAE04EC0-301F-11D3-BF4B-00C04F79EFBC}") = "ZazCollectionGeneric", "CustomDataStructure\ZazCollectionGeneric.csproj", "{04D5E569-C16F-466D-B4A7-643DAEFE55F0}"
EndProject
Global
	GlobalSection(SolutionConfigurationPlatforms) = preSolution
		Debug|Any CPU = Debug|Any CPU
		Release|Any CPU = Release|Any CPU
	EndGlobalSection
	GlobalSection(ProjectConfigurationPlatforms) = postSolution
		{04D5E569-C16F-466D-B4A7-643DAEFE55F0}.Debug|Any CPU.ActiveCfg = Debug|Any CPU
		{04D5E569-C16F-466D-B4A7-643DAEFE55F0}.Debug|Any CPU.Build.0 = Debug|Any CPU
		{04D5E569-C16F-466D-B4A7-643DAEFE55F0}.Release|Any CPU.ActiveCfg = Release|Any CPU
		{04D5E569-C16F-466D-B4A7-643DAEFE55F0}.Release|Any CPU.Build.0 = Release|Any CPU
	EndGlobalSection
	GlobalSection(SolutionProperties) = preSolution
		HideSolutionNode = FALSE
	EndGlobalSection
	GlobalSection(ExtensibilityGlobals) = postSolution
		SolutionGuid = {336C5ACD-5CFA-427C-97EE-A756117CE127}
	EndGlobalSection
EndGlobal
